
Microsoft Visual Studio Solution File, Format Version 12.00
# Visual Studio Version 16
VisualStudioVersion = 16.0.29411.108
MinimumVisualStudioVersion = 10.0.40219.1
Project("{FAE04EC0-301F-11D3-BF4B-00C04F79EFBC}") = "TayanaSystem", "TayanaSystem.csproj", "{4621F89E-4B65-48CD-8B84-C873245E9F92}"
EndProject
Global
	GlobalSection(SolutionConfigurationPlatforms) = preSolution
		Debug|Any CPU = Debug|Any CPU
		Release|Any CPU = Release|Any CPU
	EndGlobalSection
	GlobalSection(ProjectConfigurationPlatforms) = postSolution
		{4621F89E-4B65-48CD-8B84-C873245E9F92}.Debug|Any CPU.ActiveCfg = Debug|Any CPU
		{4621F89E-4B65-48CD-8B84-C873245E9F92}.Debug|Any CPU.Build.0 = Debug|Any CPU
		{4621F89E-4B65-48CD-8B84-C873245E9F92}.Release|Any CPU.ActiveCfg = Release|Any CPU
		{4621F89E-4B65-48CD-8B84-C873245E9F92}.Release|Any CPU.Build.0 = Release|Any CPU
	EndGlobalSection
	GlobalSection(SolutionProperties) = preSolution
		HideSolutionNode = FALSE
	EndGlobalSection
	GlobalSection(ExtensibilityGlobals) = postSolution
		SolutionGuid = {FB148ED3-44D9-4D5C-A939-5AFC0835CC7F}
	EndGlobalSection
EndGlobal
